
Microsoft Visual Studio Solution File, Format Version 12.00
# Visual Studio Version 16
VisualStudioVersion = 16.0.30517.126
MinimumVisualStudioVersion = 10.0.40219.1
Project("{FAE04EC0-301F-11D3-BF4B-00C04F79EFBC}") = "H7-DezutterThibault", "H7-DezutterThibault\H7-DezutterThibault.csproj", "{6E822650-1CB8-4B46-9820-A8FC17B6D682}"
EndProject
Global
	GlobalSection(SolutionConfigurationPlatforms) = preSolution
		Debug|Any CPU = Debug|Any CPU
		Release|Any CPU = Release|Any CPU
	EndGlobalSection
	GlobalSection(ProjectConfigurationPlatforms) = postSolution
		{6E822650-1CB8-4B46-9820-A8FC17B6D682}.Debug|Any CPU.ActiveCfg = Debug|Any CPU
		{6E822650-1CB8-4B46-9820-A8FC17B6D682}.Debug|Any CPU.Build.0 = Debug|Any CPU
		{6E822650-1CB8-4B46-9820-A8FC17B6D682}.Release|Any CPU.ActiveCfg = Release|Any CPU
		{6E822650-1CB8-4B46-9820-A8FC17B6D682}.Release|Any CPU.Build.0 = Release|Any CPU
	EndGlobalSection
	GlobalSection(SolutionProperties) = preSolution
		HideSolutionNode = FALSE
	EndGlobalSection
	GlobalSection(ExtensibilityGlobals) = postSolution
		SolutionGuid = {73EA6834-1586-4732-A1A9-4E45ABCAB6B4}
	EndGlobalSection
EndGlobal
